{
  "nodes": {
    "beacon": {
      "flake": false,
      "locked": {
        "lastModified": 1592116346,
        "narHash": "sha256-OSjf8DusSk2MzT/F2dBj/coZk1BGmx4G9V6UZ2r4Ua8=",
        "owner": "junyi-hou",
        "repo": "beacon",
        "rev": "f2552464dc14cdcfd7e294ed59a9bc815a3ea5cf",
        "type": "github"
      },
      "original": {
        "owner": "junyi-hou",
        "repo": "beacon",
        "type": "github"
      }
    },
    "emacs-tree-sitter": {
      "flake": false,
      "locked": {
        "lastModified": 1617555130,
        "narHash": "sha256-9ee52FAPc8rzXcYUJWauEJjJXkxJAUXA0xpEXKnIvJ0=",
        "owner": "ubolonton",
        "repo": "emacs-tree-sitter",
        "rev": "7f5d0938002092ec08830a73f64961021303e1e9",
        "type": "github"
      },
      "original": {
        "owner": "ubolonton",
        "repo": "emacs-tree-sitter",
        "type": "github"
      }
    },
    "emacs-tree-sitter-langs": {
      "flake": false,
      "locked": {
        "lastModified": 1615741474,
        "narHash": "sha256-Kt0+xZTkBNv+3LwlO0fn1E6ujvDgX0go4aSn77/3zoY=",
        "owner": "ubolonton",
        "repo": "tree-sitter-langs",
        "rev": "5d362ce98dcf656d7a55fcad6ae21c0a2caca861",
        "type": "github"
      },
      "original": {
        "owner": "ubolonton",
        "repo": "tree-sitter-langs",
        "type": "github"
      }
    },
    "flymake-childframe": {
      "flake": false,
      "locked": {
        "lastModified": 1618871651,
        "narHash": "sha256-Llw9XjauxrqNeyC0JNTcbxSMk+gvEZEJgFSnm3l9iuc=",
        "owner": "junyi-hou",
        "repo": "flymake-childframe",
        "rev": "26f03352a83b8dd70f0b17059bbe2218a8ef1a23",
        "type": "github"
      },
      "original": {
        "owner": "junyi-hou",
        "repo": "flymake-childframe",
        "type": "github"
      }
    },
    "ligature": {
      "flake": false,
      "locked": {
        "lastModified": 1620458049,
        "narHash": "sha256-6/DovexdnrVq9GzaJwjoPwg+IGqHHJCUsSSKA5J6Xv0=",
        "owner": "mickeynp",
        "repo": "ligature.el",
        "rev": "3923baf1fb9bf509cc95b4b14d7d0e2f7c88e53c",
        "type": "github"
      },
      "original": {
        "owner": "mickeynp",
        "repo": "ligature.el",
        "type": "github"
      }
    },
    "org": {
      "flake": false,
      "locked": {
        "lastModified": 1622033473,
        "narHash": "sha256-yGk9nPeo9NTsMiEx9ZuIWXmvPABUf8u5MWabcsHM1JQ=",
        "owner": "yantar92",
        "repo": "org",
        "rev": "b8e07edf8783ba97f723d3f23334433d29900902",
        "type": "github"
      },
      "original": {
        "owner": "yantar92",
        "ref": "feature/org-fold-universal-core",
        "repo": "org",
        "type": "github"
      }
    },
    "org-appear": {
      "flake": false,
      "locked": {
        "lastModified": 1612444361,
        "narHash": "sha256-ZBgwhM816uwYSQvUyuUOllS+ZbJZ9Jb6hBdrxKKtqJQ=",
        "owner": "awth13",
        "repo": "org-appear",
        "rev": "32bc72590c4bfc2ba9871382af10ec4306bf98a5",
        "type": "github"
      },
      "original": {
        "owner": "awth13",
        "ref": "feature/org-fold-support",
        "repo": "org-appear",
        "type": "github"
      }
    },
    "root": {
      "inputs": {
        "beacon": "beacon",
        "emacs-tree-sitter": "emacs-tree-sitter",
        "emacs-tree-sitter-langs": "emacs-tree-sitter-langs",
        "flymake-childframe": "flymake-childframe",
        "ligature": "ligature",
        "org": "org",
        "org-appear": "org-appear",
        "stata-mode": "stata-mode",
        "tree-sitter-fold": "tree-sitter-fold",
        "tree-sitter-nix-grammar": "tree-sitter-nix-grammar",
        "tree-sitter-python-grammar": "tree-sitter-python-grammar",
        "tree-sitter-r-grammar": "tree-sitter-r-grammar",
        "tsc-module": "tsc-module"
      }
    },
    "stata-mode": {
      "flake": false,
      "locked": {
        "lastModified": 1615920260,
        "narHash": "sha256-qN1EXKxA9VZkcD7nZorR/PpPJQZfvSPvl4VjYDBrbYc=",
        "owner": "junyi-hou",
        "repo": "stata-mode",
        "rev": "d98a1daf139de705a3d33c57d6c8c454d77ff308",
        "type": "github"
      },
      "original": {
        "owner": "junyi-hou",
        "repo": "stata-mode",
        "type": "github"
      }
    },
    "tree-sitter-fold": {
      "flake": false,
      "locked": {
        "lastModified": 1622776913,
        "narHash": "sha256-C8mrbBTxS9axX8z8hQT72XCiwlrBpKNnthitCY+jGdk=",
        "owner": "junyi-hou",
        "repo": "tree-sitter-fold",
        "rev": "3ebdb45c3ddc96fd967ce20c392972ad4f5866a0",
        "type": "github"
      },
      "original": {
        "owner": "junyi-hou",
        "repo": "tree-sitter-fold",
        "type": "github"
      }
    },
    "tree-sitter-nix-grammar": {
      "flake": false,
      "locked": {
        "lastModified": 1619562111,
        "narHash": "sha256-bSwowUMzxd+jSt6SXS5hq188KTeLZQ2HEDv1s9Jy8YU=",
        "owner": "cstrahan",
        "repo": "tree-sitter-nix",
        "rev": "50f38ceab667f9d482640edfee803d74f4edeba5",
        "type": "github"
      },
      "original": {
        "owner": "cstrahan",
        "repo": "tree-sitter-nix",
        "type": "github"
      }
    },
    "tree-sitter-python-grammar": {
      "flake": false,
      "locked": {
        "lastModified": 1616863313,
        "narHash": "sha256-EzZjuOhaXYNs4rIRoG3y1rzy4C1SpdxYE0ThTWK/dJw=",
        "owner": "tree-sitter",
        "repo": "tree-sitter-python",
        "rev": "d6210ceab11e8d812d4ab59c07c81458ec6e5184",
        "type": "github"
      },
      "original": {
        "owner": "tree-sitter",
        "repo": "tree-sitter-python",
        "type": "github"
      }
    },
    "tree-sitter-r-grammar": {
      "flake": false,
      "locked": {
        "lastModified": 1615323515,
        "narHash": "sha256-UvD2Sm/k1RfAS+AhhDbZYNwjE5MFgcKt37iPAjLqVWM=",
        "owner": "r-lib",
        "repo": "tree-sitter-r",
        "rev": "9a7f8d6429a48116f4c757ec0abbe42ac87c1f8e",
        "type": "github"
      },
      "original": {
        "owner": "r-lib",
        "repo": "tree-sitter-r",
        "type": "github"
      }
    },
    "tsc-module": {
      "flake": false,
      "locked": {
        "narHash": "sha256-7HdKbYoOhFgO6hWyM9bL25JtIwrTBnhmYebfxmnkt04=",
        "type": "tarball",
        "url": "https://github.com/ubolonton/emacs-tree-sitter/releases/download/0.15.1/tsc-0.15.1.tar.gz"
      },
      "original": {
        "type": "tarball",
        "url": "https://github.com/ubolonton/emacs-tree-sitter/releases/download/0.15.1/tsc-0.15.1.tar.gz"
      }
    }
  },
  "root": "root",
  "version": 7
}
